
Microsoft Visual Studio Solution File, Format Version 12.00
# Visual Studio 15
VisualStudioVersion = 15.0.26730.12
MinimumVisualStudioVersion = 10.0.40219.1
Project("{FAE04EC0-301F-11D3-BF4B-00C04F79EFBC}") = "Controller", "Kzs\Controller.csproj", "{85CD546E-1521-4D5E-9521-828EE37B0FD5}"
EndProject
Project("{FAE04EC0-301F-11D3-BF4B-00C04F79EFBC}") = "Gui", "Gui\Gui.csproj", "{2F71F63D-1017-40E8-A8B6-5FD8FB71A4BB}"
EndProject
Global
	GlobalSection(SolutionConfigurationPlatforms) = preSolution
		Debug|Any CPU = Debug|Any CPU
		Debug|x64 = Debug|x64
		Release|Any CPU = Release|Any CPU
		Release|x64 = Release|x64
	EndGlobalSection
	GlobalSection(ProjectConfigurationPlatforms) = postSolution
		{85CD546E-1521-4D5E-9521-828EE37B0FD5}.Debug|Any CPU.ActiveCfg = Debug|x64
		{85CD546E-1521-4D5E-9521-828EE37B0FD5}.Debug|Any CPU.Build.0 = Debug|x64
		{85CD546E-1521-4D5E-9521-828EE37B0FD5}.Debug|x64.ActiveCfg = Debug|x64
		{85CD546E-1521-4D5E-9521-828EE37B0FD5}.Debug|x64.Build.0 = Debug|x64
		{85CD546E-1521-4D5E-9521-828EE37B0FD5}.Release|Any CPU.ActiveCfg = Release|Any CPU
		{85CD546E-1521-4D5E-9521-828EE37B0FD5}.Release|Any CPU.Build.0 = Release|Any CPU
		{85CD546E-1521-4D5E-9521-828EE37B0FD5}.Release|x64.ActiveCfg = Debug|x64
		{85CD546E-1521-4D5E-9521-828EE37B0FD5}.Release|x64.Build.0 = Debug|x64
		{2F71F63D-1017-40E8-A8B6-5FD8FB71A4BB}.Debug|Any CPU.ActiveCfg = Debug|Any CPU
		{2F71F63D-1017-40E8-A8B6-5FD8FB71A4BB}.Debug|Any CPU.Build.0 = Debug|Any CPU
		{2F71F63D-1017-40E8-A8B6-5FD8FB71A4BB}.Debug|x64.ActiveCfg = Debug|x64
		{2F71F63D-1017-40E8-A8B6-5FD8FB71A4BB}.Debug|x64.Build.0 = Debug|x64
		{2F71F63D-1017-40E8-A8B6-5FD8FB71A4BB}.Release|Any CPU.ActiveCfg = Release|Any CPU
		{2F71F63D-1017-40E8-A8B6-5FD8FB71A4BB}.Release|Any CPU.Build.0 = Release|Any CPU
		{2F71F63D-1017-40E8-A8B6-5FD8FB71A4BB}.Release|x64.ActiveCfg = Debug|x64
		{2F71F63D-1017-40E8-A8B6-5FD8FB71A4BB}.Release|x64.Build.0 = Debug|x64
	EndGlobalSection
	GlobalSection(SolutionProperties) = preSolution
		HideSolutionNode = FALSE
	EndGlobalSection
	GlobalSection(ExtensibilityGlobals) = postSolution
		SolutionGuid = {65EC03EF-E6C7-4FF0-984C-51AAF50AF529}
	EndGlobalSection
EndGlobal
